
Microsoft Visual Studio Solution File, Format Version 12.00
# Visual Studio Version 17
VisualStudioVersion = 17.6.33829.357
MinimumVisualStudioVersion = 10.0.40219.1
Project("{FAE04EC0-301F-11D3-BF4B-00C04F79EFBC}") = "wformPruebaGit", "wformPruebaGit\wformPruebaGit.csproj", "{E03364E2-A02C-44E8-BF46-07C6AC2677D5}"
EndProject
Global
	GlobalSection(SolutionConfigurationPlatforms) = preSolution
		Debug|Any CPU = Debug|Any CPU
		Release|Any CPU = Release|Any CPU
	EndGlobalSection
	GlobalSection(ProjectConfigurationPlatforms) = postSolution
		{E03364E2-A02C-44E8-BF46-07C6AC2677D5}.Debug|Any CPU.ActiveCfg = Debug|Any CPU
		{E03364E2-A02C-44E8-BF46-07C6AC2677D5}.Debug|Any CPU.Build.0 = Debug|Any CPU
		{E03364E2-A02C-44E8-BF46-07C6AC2677D5}.Release|Any CPU.ActiveCfg = Release|Any CPU
		{E03364E2-A02C-44E8-BF46-07C6AC2677D5}.Release|Any CPU.Build.0 = Release|Any CPU
	EndGlobalSection
	GlobalSection(SolutionProperties) = preSolution
		HideSolutionNode = FALSE
	EndGlobalSection
	GlobalSection(ExtensibilityGlobals) = postSolution
		SolutionGuid = {C3ACE59D-87F9-42A0-A840-E2B40DF8E294}
	EndGlobalSection
EndGlobal
